// !$*UTF8*$!
{
	archiveVersion = 1;
	classes = {
	};
	objectVersion = 50;
	objects = {

/* Begin PBXBuildFile section */
		7917471721AEFBF000AFBA37 /* ListPopUpViewController.storyboard in Resources */ = {isa = PBXBuildFile; fileRef = 7917471521AEFBF000AFBA37 /* ListPopUpViewController.storyboard */; };
		7919B0F421AD0F8300E7DE99 /* AppDelegate.swift in Sources */ = {isa = PBXBuildFile; fileRef = 7919B0F321AD0F8300E7DE99 /* AppDelegate.swift */; };
		7919B0F621AD0F8300E7DE99 /* HomeViewController.swift in Sources */ = {isa = PBXBuildFile; fileRef = 7919B0F521AD0F8300E7DE99 /* HomeViewController.swift */; };
		7919B0F921AD0F8300E7DE99 /* Main.storyboard in Resources */ = {isa = PBXBuildFile; fileRef = 7919B0F721AD0F8300E7DE99 /* Main.storyboard */; };
		7919B0FB21AD0F8700E7DE99 /* Assets.xcassets in Resources */ = {isa = PBXBuildFile; fileRef = 7919B0FA21AD0F8700E7DE99 /* Assets.xcassets */; };
		7919B0FE21AD0F8700E7DE99 /* LaunchScreen.storyboard in Resources */ = {isa = PBXBuildFile; fileRef = 7919B0FC21AD0F8700E7DE99 /* LaunchScreen.storyboard */; };
		7925B68B21C29BA200F80EE9 /* CustomCheckBox.swift in Sources */ = {isa = PBXBuildFile; fileRef = 7925B68A21C29BA200F80EE9 /* CustomCheckBox.swift */; };
		793806A621C94B88002728EB /* IQTextView.swift in Sources */ = {isa = PBXBuildFile; fileRef = 7938069021C94B88002728EB /* IQTextView.swift */; };
		793806A721C94B88002728EB /* IQPreviousNextView.swift in Sources */ = {isa = PBXBuildFile; fileRef = 7938069221C94B88002728EB /* IQPreviousNextView.swift */; };
		793806A821C94B88002728EB /* IQTitleBarButtonItem.swift in Sources */ = {isa = PBXBuildFile; fileRef = 7938069321C94B88002728EB /* IQTitleBarButtonItem.swift */; };
		793806A921C94B88002728EB /* IQBarButtonItem.swift in Sources */ = {isa = PBXBuildFile; fileRef = 7938069421C94B88002728EB /* IQBarButtonItem.swift */; };
		793806AA21C94B88002728EB /* IQToolbar.swift in Sources */ = {isa = PBXBuildFile; fileRef = 7938069521C94B88002728EB /* IQToolbar.swift */; };
		793806AB21C94B88002728EB /* IQUIView+IQKeyboardToolbar.swift in Sources */ = {isa = PBXBuildFile; fileRef = 7938069621C94B88002728EB /* IQUIView+IQKeyboardToolbar.swift */; };
		793806AC21C94B88002728EB /* IQInvocation.swift in Sources */ = {isa = PBXBuildFile; fileRef = 7938069721C94B88002728EB /* IQInvocation.swift */; };
		793806AD21C94B88002728EB /* IQKeyboardManagerConstantsInternal.swift in Sources */ = {isa = PBXBuildFile; fileRef = 7938069921C94B88002728EB /* IQKeyboardManagerConstantsInternal.swift */; };
		793806AE21C94B88002728EB /* IQKeyboardManagerConstants.swift in Sources */ = {isa = PBXBuildFile; fileRef = 7938069A21C94B88002728EB /* IQKeyboardManagerConstants.swift */; };
		793806AF21C94B88002728EB /* IQKeyboardManager.bundle in Resources */ = {isa = PBXBuildFile; fileRef = 7938069C21C94B88002728EB /* IQKeyboardManager.bundle */; };
		793806B021C94B88002728EB /* IQKeyboardReturnKeyHandler.swift in Sources */ = {isa = PBXBuildFile; fileRef = 7938069D21C94B88002728EB /* IQKeyboardReturnKeyHandler.swift */; };
		793806B121C94B88002728EB /* IQKeyboardManager.swift in Sources */ = {isa = PBXBuildFile; fileRef = 7938069E21C94B88002728EB /* IQKeyboardManager.swift */; };
		793806B221C94B88002728EB /* IQUIScrollView+Additions.swift in Sources */ = {isa = PBXBuildFile; fileRef = 793806A121C94B88002728EB /* IQUIScrollView+Additions.swift */; };
		793806B321C94B88002728EB /* IQUIViewController+Additions.swift in Sources */ = {isa = PBXBuildFile; fileRef = 793806A221C94B88002728EB /* IQUIViewController+Additions.swift */; };
		793806B421C94B88002728EB /* IQUITextFieldView+Additions.swift in Sources */ = {isa = PBXBuildFile; fileRef = 793806A321C94B88002728EB /* IQUITextFieldView+Additions.swift */; };
		793806B521C94B88002728EB /* IQUIView+Hierarchy.swift in Sources */ = {isa = PBXBuildFile; fileRef = 793806A421C94B88002728EB /* IQUIView+Hierarchy.swift */; };
		793806B621C94B88002728EB /* IQNSArray+Sort.swift in Sources */ = {isa = PBXBuildFile; fileRef = 793806A521C94B88002728EB /* IQNSArray+Sort.swift */; };
		7946E0A521B5966000E08B9C /* CoreDataModel.xcdatamodeld in Sources */ = {isa = PBXBuildFile; fileRef = 7946E0A321B5966000E08B9C /* CoreDataModel.xcdatamodeld */; };
		7949EE2C21ADA55700F9CACB /* ListCell.swift in Sources */ = {isa = PBXBuildFile; fileRef = 7949EE2B21ADA55700F9CACB /* ListCell.swift */; };
		7949EE2E21AE67AF00F9CACB /* NewListPopUp.swift in Sources */ = {isa = PBXBuildFile; fileRef = 7949EE2D21AE67AF00F9CACB /* NewListPopUp.swift */; };
		7963AFB321C4196D009452DE /* SortByEnum.swift in Sources */ = {isa = PBXBuildFile; fileRef = 7963AFB221C4196D009452DE /* SortByEnum.swift */; };
		797C487521B077F2001462A0 /* NewTaskViewController.swift in Sources */ = {isa = PBXBuildFile; fileRef = 797C487421B077F2001462A0 /* NewTaskViewController.swift */; };
		7996A63621C3E04D00D173BA /* CheckBox.swift in Sources */ = {isa = PBXBuildFile; fileRef = 7996A63521C3E04D00D173BA /* CheckBox.swift */; };
		79DBDC6721C70937003E3FA9 /* PublicVariables.swift in Sources */ = {isa = PBXBuildFile; fileRef = 79DBDC6621C70937003E3FA9 /* PublicVariables.swift */; };
		79DBDC6921C7B05F003E3FA9 /* GoogleService-Info.plist in Resources */ = {isa = PBXBuildFile; fileRef = 79DBDC6821C7B05F003E3FA9 /* GoogleService-Info.plist */; };
		79E7D9DA21B03092003D280C /* TaskViewController.swift in Sources */ = {isa = PBXBuildFile; fileRef = 79E7D9D921B03092003D280C /* TaskViewController.swift */; };
		79E7D9DC21B030FD003D280C /* TaskCell.swift in Sources */ = {isa = PBXBuildFile; fileRef = 79E7D9DB21B030FD003D280C /* TaskCell.swift */; };
		79E7D9DE21B039D7003D280C /* CustomTextField.swift in Sources */ = {isa = PBXBuildFile; fileRef = 79E7D9DD21B039D7003D280C /* CustomTextField.swift */; };
		79EA0E0821AF0DAA003177B1 /* NotificationNameExtension.swift in Sources */ = {isa = PBXBuildFile; fileRef = 79EA0E0721AF0DAA003177B1 /* NotificationNameExtension.swift */; };
		B393B1FE0969105097FD471F /* Pods_DocketTest.framework in Frameworks */ = {isa = PBXBuildFile; fileRef = D8A04002D6ED97DDD50E5800 /* Pods_DocketTest.framework */; };
/* End PBXBuildFile section */

/* Begin PBXFileReference section */
		16E5CC778F6C205FA9B30549 /* Pods-DocketTest.release.xcconfig */ = {isa = PBXFileReference; includeInIndex = 1; lastKnownFileType = text.xcconfig; name = "Pods-DocketTest.release.xcconfig"; path = "Pods/Target Support Files/Pods-DocketTest/Pods-DocketTest.release.xcconfig"; sourceTree = "<group>"; };
		437F27D87D1D202C5A054241 /* Pods-DocketTest.debug.xcconfig */ = {isa = PBXFileReference; includeInIndex = 1; lastKnownFileType = text.xcconfig; name = "Pods-DocketTest.debug.xcconfig"; path = "Pods/Target Support Files/Pods-DocketTest/Pods-DocketTest.debug.xcconfig"; sourceTree = "<group>"; };
		7917471621AEFBF000AFBA37 /* Base */ = {isa = PBXFileReference; lastKnownFileType = file.storyboard; name = Base; path = DocketTest/Storyboards/Base.lproj/ListPopUpViewController.storyboard; sourceTree = "<group>"; };
		7919B0F021AD0F8300E7DE99 /* DocketTest.app */ = {isa = PBXFileReference; explicitFileType = wrapper.application; includeInIndex = 0; path = DocketTest.app; sourceTree = BUILT_PRODUCTS_DIR; };
		7919B0F321AD0F8300E7DE99 /* AppDelegate.swift */ = {isa = PBXFileReference; lastKnownFileType = sourcecode.swift; path = AppDelegate.swift; sourceTree = "<group>"; };
		7919B0F521AD0F8300E7DE99 /* HomeViewController.swift */ = {isa = PBXFileReference; lastKnownFileType = sourcecode.swift; path = HomeViewController.swift; sourceTree = "<group>"; };
		7919B0F821AD0F8300E7DE99 /* Base */ = {isa = PBXFileReference; lastKnownFileType = file.storyboard; name = Base; path = Base.lproj/Main.storyboard; sourceTree = "<group>"; };
		7919B0FA21AD0F8700E7DE99 /* Assets.xcassets */ = {isa = PBXFileReference; lastKnownFileType = folder.assetcatalog; path = Assets.xcassets; sourceTree = "<group>"; };
		7919B0FD21AD0F8700E7DE99 /* Base */ = {isa = PBXFileReference; lastKnownFileType = file.storyboard; name = Base; path = Base.lproj/LaunchScreen.storyboard; sourceTree = "<group>"; };
		7919B0FF21AD0F8700E7DE99 /* Info.plist */ = {isa = PBXFileReference; lastKnownFileType = text.plist.xml; path = Info.plist; sourceTree = "<group>"; };
		7925B68A21C29BA200F80EE9 /* CustomCheckBox.swift */ = {isa = PBXFileReference; lastKnownFileType = sourcecode.swift; path = CustomCheckBox.swift; sourceTree = "<group>"; };
		7938069021C94B88002728EB /* IQTextView.swift */ = {isa = PBXFileReference; fileEncoding = 4; lastKnownFileType = sourcecode.swift; path = IQTextView.swift; sourceTree = "<group>"; };
		7938069221C94B88002728EB /* IQPreviousNextView.swift */ = {isa = PBXFileReference; fileEncoding = 4; lastKnownFileType = sourcecode.swift; path = IQPreviousNextView.swift; sourceTree = "<group>"; };
		7938069321C94B88002728EB /* IQTitleBarButtonItem.swift */ = {isa = PBXFileReference; fileEncoding = 4; lastKnownFileType = sourcecode.swift; path = IQTitleBarButtonItem.swift; sourceTree = "<group>"; };
		7938069421C94B88002728EB /* IQBarButtonItem.swift */ = {isa = PBXFileReference; fileEncoding = 4; lastKnownFileType = sourcecode.swift; path = IQBarButtonItem.swift; sourceTree = "<group>"; };
		7938069521C94B88002728EB /* IQToolbar.swift */ = {isa = PBXFileReference; fileEncoding = 4; lastKnownFileType = sourcecode.swift; path = IQToolbar.swift; sourceTree = "<group>"; };
		7938069621C94B88002728EB /* IQUIView+IQKeyboardToolbar.swift */ = {isa = PBXFileReference; fileEncoding = 4; lastKnownFileType = sourcecode.swift; path = "IQUIView+IQKeyboardToolbar.swift"; sourceTree = "<group>"; };
		7938069721C94B88002728EB /* IQInvocation.swift */ = {isa = PBXFileReference; fileEncoding = 4; lastKnownFileType = sourcecode.swift; path = IQInvocation.swift; sourceTree = "<group>"; };
		7938069921C94B88002728EB /* IQKeyboardManagerConstantsInternal.swift */ = {isa = PBXFileReference; fileEncoding = 4; lastKnownFileType = sourcecode.swift; path = IQKeyboardManagerConstantsInternal.swift; sourceTree = "<group>"; };
		7938069A21C94B88002728EB /* IQKeyboardManagerConstants.swift */ = {isa = PBXFileReference; fileEncoding = 4; lastKnownFileType = sourcecode.swift; path = IQKeyboardManagerConstants.swift; sourceTree = "<group>"; };
		7938069C21C94B88002728EB /* IQKeyboardManager.bundle */ = {isa = PBXFileReference; lastKnownFileType = "wrapper.plug-in"; path = IQKeyboardManager.bundle; sourceTree = "<group>"; };
		7938069D21C94B88002728EB /* IQKeyboardReturnKeyHandler.swift */ = {isa = PBXFileReference; fileEncoding = 4; lastKnownFileType = sourcecode.swift; path = IQKeyboardReturnKeyHandler.swift; sourceTree = "<group>"; };
		7938069E21C94B88002728EB /* IQKeyboardManager.swift */ = {isa = PBXFileReference; fileEncoding = 4; lastKnownFileType = sourcecode.swift; path = IQKeyboardManager.swift; sourceTree = "<group>"; };
		7938069F21C94B88002728EB /* IQKeyboardManagerSwift.h */ = {isa = PBXFileReference; fileEncoding = 4; lastKnownFileType = sourcecode.c.h; path = IQKeyboardManagerSwift.h; sourceTree = "<group>"; };
		793806A121C94B88002728EB /* IQUIScrollView+Additions.swift */ = {isa = PBXFileReference; fileEncoding = 4; lastKnownFileType = sourcecode.swift; path = "IQUIScrollView+Additions.swift"; sourceTree = "<group>"; };
		793806A221C94B88002728EB /* IQUIViewController+Additions.swift */ = {isa = PBXFileReference; fileEncoding = 4; lastKnownFileType = sourcecode.swift; path = "IQUIViewController+Additions.swift"; sourceTree = "<group>"; };
		793806A321C94B88002728EB /* IQUITextFieldView+Additions.swift */ = {isa = PBXFileReference; fileEncoding = 4; lastKnownFileType = sourcecode.swift; path = "IQUITextFieldView+Additions.swift"; sourceTree = "<group>"; };
		793806A421C94B88002728EB /* IQUIView+Hierarchy.swift */ = {isa = PBXFileReference; fileEncoding = 4; lastKnownFileType = sourcecode.swift; path = "IQUIView+Hierarchy.swift"; sourceTree = "<group>"; };
		793806A521C94B88002728EB /* IQNSArray+Sort.swift */ = {isa = PBXFileReference; fileEncoding = 4; lastKnownFileType = sourcecode.swift; path = "IQNSArray+Sort.swift"; sourceTree = "<group>"; };
		7946E0A421B5966000E08B9C /* CoreDataModel.xcdatamodel */ = {isa = PBXFileReference; lastKnownFileType = wrapper.xcdatamodel; path = CoreDataModel.xcdatamodel; sourceTree = "<group>"; };
		7949EE2B21ADA55700F9CACB /* ListCell.swift */ = {isa = PBXFileReference; lastKnownFileType = sourcecode.swift; path = ListCell.swift; sourceTree = "<group>"; };
		7949EE2D21AE67AF00F9CACB /* NewListPopUp.swift */ = {isa = PBXFileReference; lastKnownFileType = sourcecode.swift; path = NewListPopUp.swift; sourceTree = "<group>"; };
		7963AFB221C4196D009452DE /* SortByEnum.swift */ = {isa = PBXFileReference; lastKnownFileType = sourcecode.swift; path = SortByEnum.swift; sourceTree = "<group>"; };
		797C487421B077F2001462A0 /* NewTaskViewController.swift */ = {isa = PBXFileReference; lastKnownFileType = sourcecode.swift; path = NewTaskViewController.swift; sourceTree = "<group>"; };
		7996A63521C3E04D00D173BA /* CheckBox.swift */ = {isa = PBXFileReference; lastKnownFileType = sourcecode.swift; path = CheckBox.swift; sourceTree = "<group>"; };
		79DBDC6621C70937003E3FA9 /* PublicVariables.swift */ = {isa = PBXFileReference; lastKnownFileType = sourcecode.swift; path = PublicVariables.swift; sourceTree = "<group>"; };
		79DBDC6821C7B05F003E3FA9 /* GoogleService-Info.plist */ = {isa = PBXFileReference; fileEncoding = 4; lastKnownFileType = text.plist.xml; path = "GoogleService-Info.plist"; sourceTree = "<group>"; };
		79E7D9D921B03092003D280C /* TaskViewController.swift */ = {isa = PBXFileReference; lastKnownFileType = sourcecode.swift; path = TaskViewController.swift; sourceTree = "<group>"; };
		79E7D9DB21B030FD003D280C /* TaskCell.swift */ = {isa = PBXFileReference; lastKnownFileType = sourcecode.swift; path = TaskCell.swift; sourceTree = "<group>"; };
		79E7D9DD21B039D7003D280C /* CustomTextField.swift */ = {isa = PBXFileReference; lastKnownFileType = sourcecode.swift; path = CustomTextField.swift; sourceTree = "<group>"; };
		79EA0E0721AF0DAA003177B1 /* NotificationNameExtension.swift */ = {isa = PBXFileReference; lastKnownFileType = sourcecode.swift; path = NotificationNameExtension.swift; sourceTree = "<group>"; };
		D8A04002D6ED97DDD50E5800 /* Pods_DocketTest.framework */ = {isa = PBXFileReference; explicitFileType = wrapper.framework; includeInIndex = 0; path = Pods_DocketTest.framework; sourceTree = BUILT_PRODUCTS_DIR; };
/* End PBXFileReference section */

/* Begin PBXFrameworksBuildPhase section */
		7919B0ED21AD0F8300E7DE99 /* Frameworks */ = {
			isa = PBXFrameworksBuildPhase;
			buildActionMask = 2147483647;
			files = (
				B393B1FE0969105097FD471F /* Pods_DocketTest.framework in Frameworks */,
			);
			runOnlyForDeploymentPostprocessing = 0;
		};
/* End PBXFrameworksBuildPhase section */

/* Begin PBXGroup section */
		790152BB21AD63C50057F97C /* ViewControllers */ = {
			isa = PBXGroup;
			children = (
				7919B0F521AD0F8300E7DE99 /* HomeViewController.swift */,
				79E7D9D921B03092003D280C /* TaskViewController.swift */,
				7949EE2D21AE67AF00F9CACB /* NewListPopUp.swift */,
				797C487421B077F2001462A0 /* NewTaskViewController.swift */,
			);
			path = ViewControllers;
			sourceTree = "<group>";
		};
		7917471421AEFBB800AFBA37 /* Storyboards */ = {
			isa = PBXGroup;
			children = (
				7919B0F721AD0F8300E7DE99 /* Main.storyboard */,
				7917471521AEFBF000AFBA37 /* ListPopUpViewController.storyboard */,
			);
			path = Storyboards;
			sourceTree = "<group>";
		};
		7919B0E721AD0F8300E7DE99 = {
			isa = PBXGroup;
			children = (
				7919B0F221AD0F8300E7DE99 /* DocketTest */,
				7919B0F121AD0F8300E7DE99 /* Products */,
				B316ACE72D83A803643BB885 /* Pods */,
				F309F34B92D3A83D030160B0 /* Frameworks */,
			);
			sourceTree = "<group>";
		};
		7919B0F121AD0F8300E7DE99 /* Products */ = {
			isa = PBXGroup;
			children = (
				7919B0F021AD0F8300E7DE99 /* DocketTest.app */,
			);
			name = Products;
			sourceTree = "<group>";
		};
		7919B0F221AD0F8300E7DE99 /* DocketTest */ = {
			isa = PBXGroup;
			children = (
				7919B0F321AD0F8300E7DE99 /* AppDelegate.swift */,
				790152BB21AD63C50057F97C /* ViewControllers */,
				7949EE2A21ADA53100F9CACB /* CustomClasses */,
				79EA0E0621AF0D85003177B1 /* Extensions */,
				7963AFB121C41926009452DE /* HelpUnits */,
				7917471421AEFBB800AFBA37 /* Storyboards */,
				7919B0FA21AD0F8700E7DE99 /* Assets.xcassets */,
				7919B0FC21AD0F8700E7DE99 /* LaunchScreen.storyboard */,
				7919B0FF21AD0F8700E7DE99 /* Info.plist */,
				79DBDC6821C7B05F003E3FA9 /* GoogleService-Info.plist */,
				7946E0A321B5966000E08B9C /* CoreDataModel.xcdatamodeld */,
				7938068E21C94B88002728EB /* IQKeyboardManagerSwift */,
			);
			path = DocketTest;
			sourceTree = "<group>";
		};
		7938068E21C94B88002728EB /* IQKeyboardManagerSwift */ = {
			isa = PBXGroup;
			children = (
				7938068F21C94B88002728EB /* IQTextView */,
				7938069121C94B88002728EB /* IQToolbar */,
				7938069821C94B88002728EB /* Constants */,
				7938069B21C94B88002728EB /* Resources */,
				7938069D21C94B88002728EB /* IQKeyboardReturnKeyHandler.swift */,
				7938069E21C94B88002728EB /* IQKeyboardManager.swift */,
				7938069F21C94B88002728EB /* IQKeyboardManagerSwift.h */,
				793806A021C94B88002728EB /* Categories */,
			);
			path = IQKeyboardManagerSwift;
			sourceTree = "<group>";
		};
		7938068F21C94B88002728EB /* IQTextView */ = {
			isa = PBXGroup;
			children = (
				7938069021C94B88002728EB /* IQTextView.swift */,
			);
			path = IQTextView;
			sourceTree = "<group>";
		};
		7938069121C94B88002728EB /* IQToolbar */ = {
			isa = PBXGroup;
			children = (
				7938069221C94B88002728EB /* IQPreviousNextView.swift */,
				7938069321C94B88002728EB /* IQTitleBarButtonItem.swift */,
				7938069421C94B88002728EB /* IQBarButtonItem.swift */,
				7938069521C94B88002728EB /* IQToolbar.swift */,
				7938069621C94B88002728EB /* IQUIView+IQKeyboardToolbar.swift */,
				7938069721C94B88002728EB /* IQInvocation.swift */,
			);
			path = IQToolbar;
			sourceTree = "<group>";
		};
		7938069821C94B88002728EB /* Constants */ = {
			isa = PBXGroup;
			children = (
				7938069921C94B88002728EB /* IQKeyboardManagerConstantsInternal.swift */,
				7938069A21C94B88002728EB /* IQKeyboardManagerConstants.swift */,
			);
			path = Constants;
			sourceTree = "<group>";
		};
		7938069B21C94B88002728EB /* Resources */ = {
			isa = PBXGroup;
			children = (
				7938069C21C94B88002728EB /* IQKeyboardManager.bundle */,
			);
			path = Resources;
			sourceTree = "<group>";
		};
		793806A021C94B88002728EB /* Categories */ = {
			isa = PBXGroup;
			children = (
				793806A121C94B88002728EB /* IQUIScrollView+Additions.swift */,
				793806A221C94B88002728EB /* IQUIViewController+Additions.swift */,
				793806A321C94B88002728EB /* IQUITextFieldView+Additions.swift */,
				793806A421C94B88002728EB /* IQUIView+Hierarchy.swift */,
				793806A521C94B88002728EB /* IQNSArray+Sort.swift */,
			);
			path = Categories;
			sourceTree = "<group>";
		};
		7949EE2A21ADA53100F9CACB /* CustomClasses */ = {
			isa = PBXGroup;
			children = (
				796BA1D021C5A9A100432100 /* TableViewCells */,
				79E7D9DD21B039D7003D280C /* CustomTextField.swift */,
				7925B68A21C29BA200F80EE9 /* CustomCheckBox.swift */,
				7996A63521C3E04D00D173BA /* CheckBox.swift */,
			);
			path = CustomClasses;
			sourceTree = "<group>";
		};
		7963AFB121C41926009452DE /* HelpUnits */ = {
			isa = PBXGroup;
			children = (
				7963AFB221C4196D009452DE /* SortByEnum.swift */,
				79DBDC6621C70937003E3FA9 /* PublicVariables.swift */,
			);
			path = HelpUnits;
			sourceTree = "<group>";
		};
		796BA1D021C5A9A100432100 /* TableViewCells */ = {
			isa = PBXGroup;
			children = (
				7949EE2B21ADA55700F9CACB /* ListCell.swift */,
				79E7D9DB21B030FD003D280C /* TaskCell.swift */,
			);
			path = TableViewCells;
			sourceTree = "<group>";
		};
		79EA0E0621AF0D85003177B1 /* Extensions */ = {
			isa = PBXGroup;
			children = (
				79EA0E0721AF0DAA003177B1 /* NotificationNameExtension.swift */,
			);
			path = Extensions;
			sourceTree = "<group>";
		};
		B316ACE72D83A803643BB885 /* Pods */ = {
			isa = PBXGroup;
			children = (
				437F27D87D1D202C5A054241 /* Pods-DocketTest.debug.xcconfig */,
				16E5CC778F6C205FA9B30549 /* Pods-DocketTest.release.xcconfig */,
			);
			name = Pods;
			sourceTree = "<group>";
		};
		F309F34B92D3A83D030160B0 /* Frameworks */ = {
			isa = PBXGroup;
			children = (
				D8A04002D6ED97DDD50E5800 /* Pods_DocketTest.framework */,
			);
			name = Frameworks;
			sourceTree = "<group>";
		};
/* End PBXGroup section */

/* Begin PBXNativeTarget section */
		7919B0EF21AD0F8300E7DE99 /* DocketTest */ = {
			isa = PBXNativeTarget;
			buildConfigurationList = 7919B10221AD0F8700E7DE99 /* Build configuration list for PBXNativeTarget "DocketTest" */;
			buildPhases = (
				FBC9D5B6B17D8C4E493C06AF /* [CP] Check Pods Manifest.lock */,
				7919B0EC21AD0F8300E7DE99 /* Sources */,
				7919B0ED21AD0F8300E7DE99 /* Frameworks */,
				7919B0EE21AD0F8300E7DE99 /* Resources */,
				DB96A072AD8B5D325FACC3C5 /* [CP] Embed Pods Frameworks */,
			);
			buildRules = (
			);
			dependencies = (
			);
			name = DocketTest;
			productName = DocketTest;
			productReference = 7919B0F021AD0F8300E7DE99 /* DocketTest.app */;
			productType = "com.apple.product-type.application";
		};
/* End PBXNativeTarget section */

/* Begin PBXProject section */
		7919B0E821AD0F8300E7DE99 /* Project object */ = {
			isa = PBXProject;
			attributes = {
				LastSwiftUpdateCheck = 1010;
				LastUpgradeCheck = 1010;
				ORGANIZATIONNAME = 1409revest;
				TargetAttributes = {
					7919B0EF21AD0F8300E7DE99 = {
						CreatedOnToolsVersion = 10.1;
					};
				};
			};
			buildConfigurationList = 7919B0EB21AD0F8300E7DE99 /* Build configuration list for PBXProject "DocketTest" */;
			compatibilityVersion = "Xcode 9.3";
			developmentRegion = en;
			hasScannedForEncodings = 0;
			knownRegions = (
				en,
				Base,
			);
			mainGroup = 7919B0E721AD0F8300E7DE99;
			productRefGroup = 7919B0F121AD0F8300E7DE99 /* Products */;
			projectDirPath = "";
			projectRoot = "";
			targets = (
				7919B0EF21AD0F8300E7DE99 /* DocketTest */,
			);
		};
/* End PBXProject section */

/* Begin PBXResourcesBuildPhase section */
		7919B0EE21AD0F8300E7DE99 /* Resources */ = {
			isa = PBXResourcesBuildPhase;
			buildActionMask = 2147483647;
			files = (
				7917471721AEFBF000AFBA37 /* ListPopUpViewController.storyboard in Resources */,
				7919B0FE21AD0F8700E7DE99 /* LaunchScreen.storyboard in Resources */,
				793806AF21C94B88002728EB /* IQKeyboardManager.bundle in Resources */,
				79DBDC6921C7B05F003E3FA9 /* GoogleService-Info.plist in Resources */,
				7919B0FB21AD0F8700E7DE99 /* Assets.xcassets in Resources */,
				7919B0F921AD0F8300E7DE99 /* Main.storyboard in Resources */,
			);
			runOnlyForDeploymentPostprocessing = 0;
		};
/* End PBXResourcesBuildPhase section */

/* Begin PBXShellScriptBuildPhase section */
		DB96A072AD8B5D325FACC3C5 /* [CP] Embed Pods Frameworks */ = {
			isa = PBXShellScriptBuildPhase;
			buildActionMask = 2147483647;
			files = (
			);
			inputFileListPaths = (
			);
			inputPaths = (
				"${SRCROOT}/Pods/Target Support Files/Pods-DocketTest/Pods-DocketTest-frameworks.sh",
				"${BUILT_PRODUCTS_DIR}/ChameleonFramework/ChameleonFramework.framework",
				"${BUILT_PRODUCTS_DIR}/GTMSessionFetcher/GTMSessionFetcher.framework",
				"${BUILT_PRODUCTS_DIR}/GoogleUtilities/GoogleUtilities.framework",
				"${BUILT_PRODUCTS_DIR}/SVProgressHUD/SVProgressHUD.framework",
				"${BUILT_PRODUCTS_DIR}/leveldb-library/leveldb.framework",
				"${BUILT_PRODUCTS_DIR}/nanopb/nanopb.framework",
			);
			name = "[CP] Embed Pods Frameworks";
			outputFileListPaths = (
			);
			outputPaths = (
				"${TARGET_BUILD_DIR}/${FRAMEWORKS_FOLDER_PATH}/ChameleonFramework.framework",
				"${TARGET_BUILD_DIR}/${FRAMEWORKS_FOLDER_PATH}/GTMSessionFetcher.framework",
				"${TARGET_BUILD_DIR}/${FRAMEWORKS_FOLDER_PATH}/GoogleUtilities.framework",
				"${TARGET_BUILD_DIR}/${FRAMEWORKS_FOLDER_PATH}/SVProgressHUD.framework",
				"${TARGET_BUILD_DIR}/${FRAMEWORKS_FOLDER_PATH}/leveldb.framework",
				"${TARGET_BUILD_DIR}/${FRAMEWORKS_FOLDER_PATH}/nanopb.framework",
			);
			runOnlyForDeploymentPostprocessing = 0;
			shellPath = /bin/sh;
			shellScript = "\"${SRCROOT}/Pods/Target Support Files/Pods-DocketTest/Pods-DocketTest-frameworks.sh\"\n";
			showEnvVarsInLog = 0;
		};
		FBC9D5B6B17D8C4E493C06AF /* [CP] Check Pods Manifest.lock */ = {
			isa = PBXShellScriptBuildPhase;
			buildActionMask = 2147483647;
			files = (
			);
			inputFileListPaths = (
			);
			inputPaths = (
				"${PODS_PODFILE_DIR_PATH}/Podfile.lock",
				"${PODS_ROOT}/Manifest.lock",
			);
			name = "[CP] Check Pods Manifest.lock";
			outputFileListPaths = (
			);
			outputPaths = (
				"$(DERIVED_FILE_DIR)/Pods-DocketTest-checkManifestLockResult.txt",
			);
			runOnlyForDeploymentPostprocessing = 0;
			shellPath = /bin/sh;
			shellScript = "diff \"${PODS_PODFILE_DIR_PATH}/Podfile.lock\" \"${PODS_ROOT}/Manifest.lock\" > /dev/null\nif [ $? != 0 ] ; then\n    # print error to STDERR\n    echo \"error: The sandbox is not in sync with the Podfile.lock. Run 'pod install' or update your CocoaPods installation.\" >&2\n    exit 1\nfi\n# This output is used by Xcode 'outputs' to avoid re-running this script phase.\necho \"SUCCESS\" > \"${SCRIPT_OUTPUT_FILE_0}\"\n";
			showEnvVarsInLog = 0;
		};
/* End PBXShellScriptBuildPhase section */

/* Begin PBXSourcesBuildPhase section */
		7919B0EC21AD0F8300E7DE99 /* Sources */ = {
			isa = PBXSourcesBuildPhase;
			buildActionMask = 2147483647;
			files = (
				793806B621C94B88002728EB /* IQNSArray+Sort.swift in Sources */,
				793806AB21C94B88002728EB /* IQUIView+IQKeyboardToolbar.swift in Sources */,
				793806AC21C94B88002728EB /* IQInvocation.swift in Sources */,
				7963AFB321C4196D009452DE /* SortByEnum.swift in Sources */,
				7949EE2C21ADA55700F9CACB /* ListCell.swift in Sources */,
				793806B121C94B88002728EB /* IQKeyboardManager.swift in Sources */,
				793806AE21C94B88002728EB /* IQKeyboardManagerConstants.swift in Sources */,
				793806B021C94B88002728EB /* IQKeyboardReturnKeyHandler.swift in Sources */,
				793806AA21C94B88002728EB /* IQToolbar.swift in Sources */,
				793806AD21C94B88002728EB /* IQKeyboardManagerConstantsInternal.swift in Sources */,
				793806B321C94B88002728EB /* IQUIViewController+Additions.swift in Sources */,
				793806A921C94B88002728EB /* IQBarButtonItem.swift in Sources */,
				79E7D9DC21B030FD003D280C /* TaskCell.swift in Sources */,
				7946E0A521B5966000E08B9C /* CoreDataModel.xcdatamodeld in Sources */,
				793806A621C94B88002728EB /* IQTextView.swift in Sources */,
				7919B0F621AD0F8300E7DE99 /* HomeViewController.swift in Sources */,
				79DBDC6721C70937003E3FA9 /* PublicVariables.swift in Sources */,
				7919B0F421AD0F8300E7DE99 /* AppDelegate.swift in Sources */,
				793806B221C94B88002728EB /* IQUIScrollView+Additions.swift in Sources */,
				793806A821C94B88002728EB /* IQTitleBarButtonItem.swift in Sources */,
				797C487521B077F2001462A0 /* NewTaskViewController.swift in Sources */,
				79E7D9DE21B039D7003D280C /* CustomTextField.swift in Sources */,
				7925B68B21C29BA200F80EE9 /* CustomCheckBox.swift in Sources */,
				7996A63621C3E04D00D173BA /* CheckBox.swift in Sources */,
				7949EE2E21AE67AF00F9CACB /* NewListPopUp.swift in Sources */,
				793806B421C94B88002728EB /* IQUITextFieldView+Additions.swift in Sources */,
				79EA0E0821AF0DAA003177B1 /* NotificationNameExtension.swift in Sources */,
				793806A721C94B88002728EB /* IQPreviousNextView.swift in Sources */,
				793806B521C94B88002728EB /* IQUIView+Hierarchy.swift in Sources */,
				79E7D9DA21B03092003D280C /* TaskViewController.swift in Sources */,
			);
			runOnlyForDeploymentPostprocessing = 0;
		};
/* End PBXSourcesBuildPhase section */

/* Begin PBXVariantGroup section */
		7917471521AEFBF000AFBA37 /* ListPopUpViewController.storyboard */ = {
			isa = PBXVariantGroup;
			children = (
				7917471621AEFBF000AFBA37 /* Base */,
			);
			name = ListPopUpViewController.storyboard;
			sourceTree = "<group>";
		};
		7919B0F721AD0F8300E7DE99 /* Main.storyboard */ = {
			isa = PBXVariantGroup;
			children = (
				7919B0F821AD0F8300E7DE99 /* Base */,
			);
			name = Main.storyboard;
			sourceTree = "<group>";
		};
		7919B0FC21AD0F8700E7DE99 /* LaunchScreen.storyboard */ = {
			isa = PBXVariantGroup;
			children = (
				7919B0FD21AD0F8700E7DE99 /* Base */,
			);
			name = LaunchScreen.storyboard;
			sourceTree = "<group>";
		};
/* End PBXVariantGroup section */

/* Begin XCBuildConfiguration section */
		7919B10021AD0F8700E7DE99 /* Debug */ = {
			isa = XCBuildConfiguration;
			buildSettings = {
				ALWAYS_SEARCH_USER_PATHS = NO;
				CLANG_ANALYZER_NONNULL = YES;
				CLANG_ANALYZER_NUMBER_OBJECT_CONVERSION = YES_AGGRESSIVE;
				CLANG_CXX_LANGUAGE_STANDARD = "gnu++14";
				CLANG_CXX_LIBRARY = "libc++";
				CLANG_ENABLE_MODULES = YES;
				CLANG_ENABLE_OBJC_ARC = YES;
				CLANG_ENABLE_OBJC_WEAK = YES;
				CLANG_WARN_BLOCK_CAPTURE_AUTORELEASING = YES;
				CLANG_WARN_BOOL_CONVERSION = YES;
				CLANG_WARN_COMMA = YES;
				CLANG_WARN_CONSTANT_CONVERSION = YES;
				CLANG_WARN_DEPRECATED_OBJC_IMPLEMENTATIONS = YES;
				CLANG_WARN_DIRECT_OBJC_ISA_USAGE = YES_ERROR;
				CLANG_WARN_DOCUMENTATION_COMMENTS = YES;
				CLANG_WARN_EMPTY_BODY = YES;
				CLANG_WARN_ENUM_CONVERSION = YES;
				CLANG_WARN_INFINITE_RECURSION = YES;
				CLANG_WARN_INT_CONVERSION = YES;
				CLANG_WARN_NON_LITERAL_NULL_CONVERSION = YES;
				CLANG_WARN_OBJC_IMPLICIT_RETAIN_SELF = YES;
				CLANG_WARN_OBJC_LITERAL_CONVERSION = YES;
				CLANG_WARN_OBJC_ROOT_CLASS = YES_ERROR;
				CLANG_WARN_RANGE_LOOP_ANALYSIS = YES;
				CLANG_WARN_STRICT_PROTOTYPES = YES;
				CLANG_WARN_SUSPICIOUS_MOVE = YES;
				CLANG_WARN_UNGUARDED_AVAILABILITY = YES_AGGRESSIVE;
				CLANG_WARN_UNREACHABLE_CODE = YES;
				CLANG_WARN__DUPLICATE_METHOD_MATCH = YES;
				CODE_SIGN_IDENTITY = "iPhone Developer";
				COPY_PHASE_STRIP = NO;
				DEBUG_INFORMATION_FORMAT = dwarf;
				ENABLE_STRICT_OBJC_MSGSEND = YES;
				ENABLE_TESTABILITY = YES;
				GCC_C_LANGUAGE_STANDARD = gnu11;
				GCC_DYNAMIC_NO_PIC = NO;
				GCC_NO_COMMON_BLOCKS = YES;
				GCC_OPTIMIZATION_LEVEL = 0;
				GCC_PREPROCESSOR_DEFINITIONS = (
					"DEBUG=1",
					"$(inherited)",
				);
				GCC_WARN_64_TO_32_BIT_CONVERSION = YES;
				GCC_WARN_ABOUT_RETURN_TYPE = YES_ERROR;
				GCC_WARN_UNDECLARED_SELECTOR = YES;
				GCC_WARN_UNINITIALIZED_AUTOS = YES_AGGRESSIVE;
				GCC_WARN_UNUSED_FUNCTION = YES;
				GCC_WARN_UNUSED_VARIABLE = YES;
				IPHONEOS_DEPLOYMENT_TARGET = 12.1;
				MTL_ENABLE_DEBUG_INFO = INCLUDE_SOURCE;
				MTL_FAST_MATH = YES;
				ONLY_ACTIVE_ARCH = YES;
				SDKROOT = iphoneos;
				SWIFT_ACTIVE_COMPILATION_CONDITIONS = DEBUG;
				SWIFT_OPTIMIZATION_LEVEL = "-Onone";
			};
			name = Debug;
		};
		7919B10121AD0F8700E7DE99 /* Release */ = {
			isa = XCBuildConfiguration;
			buildSettings = {
				ALWAYS_SEARCH_USER_PATHS = NO;
				CLANG_ANALYZER_NONNULL = YES;
				CLANG_ANALYZER_NUMBER_OBJECT_CONVERSION = YES_AGGRESSIVE;
				CLANG_CXX_LANGUAGE_STANDARD = "gnu++14";
				CLANG_CXX_LIBRARY = "libc++";
				CLANG_ENABLE_MODULES = YES;
				CLANG_ENABLE_OBJC_ARC = YES;
				CLANG_ENABLE_OBJC_WEAK = YES;
				CLANG_WARN_BLOCK_CAPTURE_AUTORELEASING = YES;
				CLANG_WARN_BOOL_CONVERSION = YES;
				CLANG_WARN_COMMA = YES;
				CLANG_WARN_CONSTANT_CONVERSION = YES;
				CLANG_WARN_DEPRECATED_OBJC_IMPLEMENTATIONS = YES;
				CLANG_WARN_DIRECT_OBJC_ISA_USAGE = YES_ERROR;
				CLANG_WARN_DOCUMENTATION_COMMENTS = YES;
				CLANG_WARN_EMPTY_BODY = YES;
				CLANG_WARN_ENUM_CONVERSION = YES;
				CLANG_WARN_INFINITE_RECURSION = YES;
				CLANG_WARN_INT_CONVERSION = YES;
				CLANG_WARN_NON_LITERAL_NULL_CONVERSION = YES;
				CLANG_WARN_OBJC_IMPLICIT_RETAIN_SELF = YES;
				CLANG_WARN_OBJC_LITERAL_CONVERSION = YES;
				CLANG_WARN_OBJC_ROOT_CLASS = YES_ERROR;
				CLANG_WARN_RANGE_LOOP_ANALYSIS = YES;
				CLANG_WARN_STRICT_PROTOTYPES = YES;
				CLANG_WARN_SUSPICIOUS_MOVE = YES;
				CLANG_WARN_UNGUARDED_AVAILABILITY = YES_AGGRESSIVE;
				CLANG_WARN_UNREACHABLE_CODE = YES;
				CLANG_WARN__DUPLICATE_METHOD_MATCH = YES;
				CODE_SIGN_IDENTITY = "iPhone Developer";
				COPY_PHASE_STRIP = NO;
				DEBUG_INFORMATION_FORMAT = "dwarf-with-dsym";
				ENABLE_NS_ASSERTIONS = NO;
				ENABLE_STRICT_OBJC_MSGSEND = YES;
				GCC_C_LANGUAGE_STANDARD = gnu11;
				GCC_NO_COMMON_BLOCKS = YES;
				GCC_WARN_64_TO_32_BIT_CONVERSION = YES;
				GCC_WARN_ABOUT_RETURN_TYPE = YES_ERROR;
				GCC_WARN_UNDECLARED_SELECTOR = YES;
				GCC_WARN_UNINITIALIZED_AUTOS = YES_AGGRESSIVE;
				GCC_WARN_UNUSED_FUNCTION = YES;
				GCC_WARN_UNUSED_VARIABLE = YES;
				IPHONEOS_DEPLOYMENT_TARGET = 12.1;
				MTL_ENABLE_DEBUG_INFO = NO;
				MTL_FAST_MATH = YES;
				SDKROOT = iphoneos;
				SWIFT_COMPILATION_MODE = wholemodule;
				SWIFT_OPTIMIZATION_LEVEL = "-O";
				VALIDATE_PRODUCT = YES;
			};
			name = Release;
		};
		7919B10321AD0F8700E7DE99 /* Debug */ = {
			isa = XCBuildConfiguration;
			baseConfigurationReference = 437F27D87D1D202C5A054241 /* Pods-DocketTest.debug.xcconfig */;
			buildSettings = {
				ASSETCATALOG_COMPILER_APPICON_NAME = AppIcon;
				CODE_SIGN_STYLE = Automatic;
				DEVELOPMENT_TEAM = 8CQ86K394W;
				INFOPLIST_FILE = DocketTest/Info.plist;
				IPHONEOS_DEPLOYMENT_TARGET = 11.0;
				LD_RUNPATH_SEARCH_PATHS = (
					"$(inherited)",
					"@executable_path/Frameworks",
				);
				PRODUCT_BUNDLE_IDENTIFIER = com.1409revest.docketTest.DocketTest;
				PRODUCT_NAME = "$(TARGET_NAME)";
				SWIFT_VERSION = 4.2;
				TARGETED_DEVICE_FAMILY = "1,2";
			};
			name = Debug;
		};
		7919B10421AD0F8700E7DE99 /* Release */ = {
			isa = XCBuildConfiguration;
			baseConfigurationReference = 16E5CC778F6C205FA9B30549 /* Pods-DocketTest.release.xcconfig */;
			buildSettings = {
				ASSETCATALOG_COMPILER_APPICON_NAME = AppIcon;
				CODE_SIGN_STYLE = Automatic;
				DEVELOPMENT_TEAM = 8CQ86K394W;
				INFOPLIST_FILE = DocketTest/Info.plist;
				IPHONEOS_DEPLOYMENT_TARGET = 11.0;
				LD_RUNPATH_SEARCH_PATHS = (
					"$(inherited)",
					"@executable_path/Frameworks",
				);
				PRODUCT_BUNDLE_IDENTIFIER = com.1409revest.docketTest.DocketTest;
				PRODUCT_NAME = "$(TARGET_NAME)";
				SWIFT_VERSION = 4.2;
				TARGETED_DEVICE_FAMILY = "1,2";
			};
			name = Release;
		};
/* End XCBuildConfiguration section */

/* Begin XCConfigurationList section */
		7919B0EB21AD0F8300E7DE99 /* Build configuration list for PBXProject "DocketTest" */ = {
			isa = XCConfigurationList;
			buildConfigurations = (
				7919B10021AD0F8700E7DE99 /* Debug */,
				7919B10121AD0F8700E7DE99 /* Release */,
			);
			defaultConfigurationIsVisible = 0;
			defaultConfigurationName = Release;
		};
		7919B10221AD0F8700E7DE99 /* Build configuration list for PBXNativeTarget "DocketTest" */ = {
			isa = XCConfigurationList;
			buildConfigurations = (
				7919B10321AD0F8700E7DE99 /* Debug */,
				7919B10421AD0F8700E7DE99 /* Release */,
			);
			defaultConfigurationIsVisible = 0;
			defaultConfigurationName = Release;
		};
/* End XCConfigurationList section */

/* Begin XCVersionGroup section */
		7946E0A321B5966000E08B9C /* CoreDataModel.xcdatamodeld */ = {
			isa = XCVersionGroup;
			children = (
				7946E0A421B5966000E08B9C /* CoreDataModel.xcdatamodel */,
			);
			currentVersion = 7946E0A421B5966000E08B9C /* CoreDataModel.xcdatamodel */;
			path = CoreDataModel.xcdatamodeld;
			sourceTree = "<group>";
			versionGroupType = wrapper.xcdatamodel;
		};
/* End XCVersionGroup section */
	};
	rootObject = 7919B0E821AD0F8300E7DE99 /* Project object */;
}
