// !$*UTF8*$!
{
	archiveVersion = 1;
	classes = {
	};
	objectVersion = 50;
	objects = {

/* Begin PBXBuildFile section */
		7917471721AEFBF000AFBA37 /* ListPopUpViewController.storyboard in Resources */ = {isa = PBXBuildFile; fileRef = 7917471521AEFBF000AFBA37 /* ListPopUpViewController.storyboard */; };
		7919B0F421AD0F8300E7DE99 /* AppDelegate.swift in Sources */ = {isa = PBXBuildFile; fileRef = 7919B0F321AD0F8300E7DE99 /* AppDelegate.swift */; };
		7919B0F621AD0F8300E7DE99 /* HomeViewController.swift in Sources */ = {isa = PBXBuildFile; fileRef = 7919B0F521AD0F8300E7DE99 /* HomeViewController.swift */; };
		7919B0F921AD0F8300E7DE99 /* Main.storyboard in Resources */ = {isa = PBXBuildFile; fileRef = 7919B0F721AD0F8300E7DE99 /* Main.storyboard */; };
		7919B0FB21AD0F8700E7DE99 /* Assets.xcassets in Resources */ = {isa = PBXBuildFile; fileRef = 7919B0FA21AD0F8700E7DE99 /* Assets.xcassets */; };
		7919B0FE21AD0F8700E7DE99 /* LaunchScreen.storyboard in Resources */ = {isa = PBXBuildFile; fileRef = 7919B0FC21AD0F8700E7DE99 /* LaunchScreen.storyboard */; };
		7946E0A521B5966000E08B9C /* CoreDataModel.xcdatamodeld in Sources */ = {isa = PBXBuildFile; fileRef = 7946E0A321B5966000E08B9C /* CoreDataModel.xcdatamodeld */; };
		7949EE2C21ADA55700F9CACB /* ListCell.swift in Sources */ = {isa = PBXBuildFile; fileRef = 7949EE2B21ADA55700F9CACB /* ListCell.swift */; };
		7949EE2E21AE67AF00F9CACB /* NewListPopUp.swift in Sources */ = {isa = PBXBuildFile; fileRef = 7949EE2D21AE67AF00F9CACB /* NewListPopUp.swift */; };
		797C487521B077F2001462A0 /* NewTaskViewController.swift in Sources */ = {isa = PBXBuildFile; fileRef = 797C487421B077F2001462A0 /* NewTaskViewController.swift */; };
		79E7D9DA21B03092003D280C /* TaskViewController.swift in Sources */ = {isa = PBXBuildFile; fileRef = 79E7D9D921B03092003D280C /* TaskViewController.swift */; };
		79E7D9DC21B030FD003D280C /* TaskCell.swift in Sources */ = {isa = PBXBuildFile; fileRef = 79E7D9DB21B030FD003D280C /* TaskCell.swift */; };
		79E7D9DE21B039D7003D280C /* CustomTextField.swift in Sources */ = {isa = PBXBuildFile; fileRef = 79E7D9DD21B039D7003D280C /* CustomTextField.swift */; };
		79EA0E0821AF0DAA003177B1 /* NotificationNameExtension.swift in Sources */ = {isa = PBXBuildFile; fileRef = 79EA0E0721AF0DAA003177B1 /* NotificationNameExtension.swift */; };
		79FFB93E21B48169001368E8 /* CustomList.swift in Sources */ = {isa = PBXBuildFile; fileRef = 79FFB93D21B48169001368E8 /* CustomList.swift */; };
		79FFB94021B484B3001368E8 /* CustomTask.swift in Sources */ = {isa = PBXBuildFile; fileRef = 79FFB93F21B484B3001368E8 /* CustomTask.swift */; };
/* End PBXBuildFile section */

/* Begin PBXFileReference section */
		7917471621AEFBF000AFBA37 /* Base */ = {isa = PBXFileReference; lastKnownFileType = file.storyboard; name = Base; path = DocketTest/Storyboards/Base.lproj/ListPopUpViewController.storyboard; sourceTree = "<group>"; };
		7919B0F021AD0F8300E7DE99 /* DocketTest.app */ = {isa = PBXFileReference; explicitFileType = wrapper.application; includeInIndex = 0; path = DocketTest.app; sourceTree = BUILT_PRODUCTS_DIR; };
		7919B0F321AD0F8300E7DE99 /* AppDelegate.swift */ = {isa = PBXFileReference; lastKnownFileType = sourcecode.swift; path = AppDelegate.swift; sourceTree = "<group>"; };
		7919B0F521AD0F8300E7DE99 /* HomeViewController.swift */ = {isa = PBXFileReference; lastKnownFileType = sourcecode.swift; path = HomeViewController.swift; sourceTree = "<group>"; };
		7919B0F821AD0F8300E7DE99 /* Base */ = {isa = PBXFileReference; lastKnownFileType = file.storyboard; name = Base; path = Base.lproj/Main.storyboard; sourceTree = "<group>"; };
		7919B0FA21AD0F8700E7DE99 /* Assets.xcassets */ = {isa = PBXFileReference; lastKnownFileType = folder.assetcatalog; path = Assets.xcassets; sourceTree = "<group>"; };
		7919B0FD21AD0F8700E7DE99 /* Base */ = {isa = PBXFileReference; lastKnownFileType = file.storyboard; name = Base; path = Base.lproj/LaunchScreen.storyboard; sourceTree = "<group>"; };
		7919B0FF21AD0F8700E7DE99 /* Info.plist */ = {isa = PBXFileReference; lastKnownFileType = text.plist.xml; path = Info.plist; sourceTree = "<group>"; };
		7946E0A421B5966000E08B9C /* CoreDataModel.xcdatamodel */ = {isa = PBXFileReference; lastKnownFileType = wrapper.xcdatamodel; path = CoreDataModel.xcdatamodel; sourceTree = "<group>"; };
		7949EE2B21ADA55700F9CACB /* ListCell.swift */ = {isa = PBXFileReference; lastKnownFileType = sourcecode.swift; path = ListCell.swift; sourceTree = "<group>"; };
		7949EE2D21AE67AF00F9CACB /* NewListPopUp.swift */ = {isa = PBXFileReference; lastKnownFileType = sourcecode.swift; path = NewListPopUp.swift; sourceTree = "<group>"; };
		797C487421B077F2001462A0 /* NewTaskViewController.swift */ = {isa = PBXFileReference; lastKnownFileType = sourcecode.swift; path = NewTaskViewController.swift; sourceTree = "<group>"; };
		79E7D9D921B03092003D280C /* TaskViewController.swift */ = {isa = PBXFileReference; lastKnownFileType = sourcecode.swift; path = TaskViewController.swift; sourceTree = "<group>"; };
		79E7D9DB21B030FD003D280C /* TaskCell.swift */ = {isa = PBXFileReference; lastKnownFileType = sourcecode.swift; path = TaskCell.swift; sourceTree = "<group>"; };
		79E7D9DD21B039D7003D280C /* CustomTextField.swift */ = {isa = PBXFileReference; lastKnownFileType = sourcecode.swift; path = CustomTextField.swift; sourceTree = "<group>"; };
		79EA0E0721AF0DAA003177B1 /* NotificationNameExtension.swift */ = {isa = PBXFileReference; lastKnownFileType = sourcecode.swift; path = NotificationNameExtension.swift; sourceTree = "<group>"; };
		79FFB93D21B48169001368E8 /* CustomList.swift */ = {isa = PBXFileReference; lastKnownFileType = sourcecode.swift; path = CustomList.swift; sourceTree = "<group>"; };
		79FFB93F21B484B3001368E8 /* CustomTask.swift */ = {isa = PBXFileReference; lastKnownFileType = sourcecode.swift; path = CustomTask.swift; sourceTree = "<group>"; };
/* End PBXFileReference section */

/* Begin PBXFrameworksBuildPhase section */
		7919B0ED21AD0F8300E7DE99 /* Frameworks */ = {
			isa = PBXFrameworksBuildPhase;
			buildActionMask = 2147483647;
			files = (
			);
			runOnlyForDeploymentPostprocessing = 0;
		};
/* End PBXFrameworksBuildPhase section */

/* Begin PBXGroup section */
		790152BB21AD63C50057F97C /* ViewControllers */ = {
			isa = PBXGroup;
			children = (
				7919B0F521AD0F8300E7DE99 /* HomeViewController.swift */,
				79E7D9D921B03092003D280C /* TaskViewController.swift */,
				7949EE2D21AE67AF00F9CACB /* NewListPopUp.swift */,
				797C487421B077F2001462A0 /* NewTaskViewController.swift */,
			);
			path = ViewControllers;
			sourceTree = "<group>";
		};
		7917471421AEFBB800AFBA37 /* Storyboards */ = {
			isa = PBXGroup;
			children = (
				7919B0F721AD0F8300E7DE99 /* Main.storyboard */,
				7917471521AEFBF000AFBA37 /* ListPopUpViewController.storyboard */,
			);
			path = Storyboards;
			sourceTree = "<group>";
		};
		7919B0E721AD0F8300E7DE99 = {
			isa = PBXGroup;
			children = (
				7919B0F221AD0F8300E7DE99 /* DocketTest */,
				7919B0F121AD0F8300E7DE99 /* Products */,
			);
			sourceTree = "<group>";
		};
		7919B0F121AD0F8300E7DE99 /* Products */ = {
			isa = PBXGroup;
			children = (
				7919B0F021AD0F8300E7DE99 /* DocketTest.app */,
			);
			name = Products;
			sourceTree = "<group>";
		};
		7919B0F221AD0F8300E7DE99 /* DocketTest */ = {
			isa = PBXGroup;
			children = (
				7919B0F321AD0F8300E7DE99 /* AppDelegate.swift */,
				790152BB21AD63C50057F97C /* ViewControllers */,
				7949EE2A21ADA53100F9CACB /* CustomClasses */,
				79EA0E0621AF0D85003177B1 /* Extensions */,
				7917471421AEFBB800AFBA37 /* Storyboards */,
				7919B0FA21AD0F8700E7DE99 /* Assets.xcassets */,
				7919B0FC21AD0F8700E7DE99 /* LaunchScreen.storyboard */,
				7919B0FF21AD0F8700E7DE99 /* Info.plist */,
				7946E0A321B5966000E08B9C /* CoreDataModel.xcdatamodeld */,
			);
			path = DocketTest;
			sourceTree = "<group>";
		};
		7949EE2A21ADA53100F9CACB /* CustomClasses */ = {
			isa = PBXGroup;
			children = (
				7949EE2B21ADA55700F9CACB /* ListCell.swift */,
				79E7D9DB21B030FD003D280C /* TaskCell.swift */,
				79E7D9DD21B039D7003D280C /* CustomTextField.swift */,
				79FFB93D21B48169001368E8 /* CustomList.swift */,
				79FFB93F21B484B3001368E8 /* CustomTask.swift */,
			);
			path = CustomClasses;
			sourceTree = "<group>";
		};
		79EA0E0621AF0D85003177B1 /* Extensions */ = {
			isa = PBXGroup;
			children = (
				79EA0E0721AF0DAA003177B1 /* NotificationNameExtension.swift */,
			);
			path = Extensions;
			sourceTree = "<group>";
		};
/* End PBXGroup section */

/* Begin PBXNativeTarget section */
		7919B0EF21AD0F8300E7DE99 /* DocketTest */ = {
			isa = PBXNativeTarget;
			buildConfigurationList = 7919B10221AD0F8700E7DE99 /* Build configuration list for PBXNativeTarget "DocketTest" */;
			buildPhases = (
				7919B0EC21AD0F8300E7DE99 /* Sources */,
				7919B0ED21AD0F8300E7DE99 /* Frameworks */,
				7919B0EE21AD0F8300E7DE99 /* Resources */,
			);
			buildRules = (
			);
			dependencies = (
			);
			name = DocketTest;
			productName = DocketTest;
			productReference = 7919B0F021AD0F8300E7DE99 /* DocketTest.app */;
			productType = "com.apple.product-type.application";
		};
/* End PBXNativeTarget section */

/* Begin PBXProject section */
		7919B0E821AD0F8300E7DE99 /* Project object */ = {
			isa = PBXProject;
			attributes = {
				LastSwiftUpdateCheck = 1010;
				LastUpgradeCheck = 1010;
				ORGANIZATIONNAME = 1409revest;
				TargetAttributes = {
					7919B0EF21AD0F8300E7DE99 = {
						CreatedOnToolsVersion = 10.1;
					};
				};
			};
			buildConfigurationList = 7919B0EB21AD0F8300E7DE99 /* Build configuration list for PBXProject "DocketTest" */;
			compatibilityVersion = "Xcode 9.3";
			developmentRegion = en;
			hasScannedForEncodings = 0;
			knownRegions = (
				en,
				Base,
			);
			mainGroup = 7919B0E721AD0F8300E7DE99;
			productRefGroup = 7919B0F121AD0F8300E7DE99 /* Products */;
			projectDirPath = "";
			projectRoot = "";
			targets = (
				7919B0EF21AD0F8300E7DE99 /* DocketTest */,
			);
		};
/* End PBXProject section */

/* Begin PBXResourcesBuildPhase section */
		7919B0EE21AD0F8300E7DE99 /* Resources */ = {
			isa = PBXResourcesBuildPhase;
			buildActionMask = 2147483647;
			files = (
				7917471721AEFBF000AFBA37 /* ListPopUpViewController.storyboard in Resources */,
				7919B0FE21AD0F8700E7DE99 /* LaunchScreen.storyboard in Resources */,
				7919B0FB21AD0F8700E7DE99 /* Assets.xcassets in Resources */,
				7919B0F921AD0F8300E7DE99 /* Main.storyboard in Resources */,
			);
			runOnlyForDeploymentPostprocessing = 0;
		};
/* End PBXResourcesBuildPhase section */

/* Begin PBXSourcesBuildPhase section */
		7919B0EC21AD0F8300E7DE99 /* Sources */ = {
			isa = PBXSourcesBuildPhase;
			buildActionMask = 2147483647;
			files = (
				7949EE2C21ADA55700F9CACB /* ListCell.swift in Sources */,
				79E7D9DC21B030FD003D280C /* TaskCell.swift in Sources */,
				7946E0A521B5966000E08B9C /* CoreDataModel.xcdatamodeld in Sources */,
				7919B0F621AD0F8300E7DE99 /* HomeViewController.swift in Sources */,
				7919B0F421AD0F8300E7DE99 /* AppDelegate.swift in Sources */,
				797C487521B077F2001462A0 /* NewTaskViewController.swift in Sources */,
				79FFB94021B484B3001368E8 /* CustomTask.swift in Sources */,
				79E7D9DE21B039D7003D280C /* CustomTextField.swift in Sources */,
				7949EE2E21AE67AF00F9CACB /* NewListPopUp.swift in Sources */,
				79EA0E0821AF0DAA003177B1 /* NotificationNameExtension.swift in Sources */,
				79FFB93E21B48169001368E8 /* CustomList.swift in Sources */,
				79E7D9DA21B03092003D280C /* TaskViewController.swift in Sources */,
			);
			runOnlyForDeploymentPostprocessing = 0;
		};
/* End PBXSourcesBuildPhase section */

/* Begin PBXVariantGroup section */
		7917471521AEFBF000AFBA37 /* ListPopUpViewController.storyboard */ = {
			isa = PBXVariantGroup;
			children = (
				7917471621AEFBF000AFBA37 /* Base */,
			);
			name = ListPopUpViewController.storyboard;
			sourceTree = "<group>";
		};
		7919B0F721AD0F8300E7DE99 /* Main.storyboard */ = {
			isa = PBXVariantGroup;
			children = (
				7919B0F821AD0F8300E7DE99 /* Base */,
			);
			name = Main.storyboard;
			sourceTree = "<group>";
		};
		7919B0FC21AD0F8700E7DE99 /* LaunchScreen.storyboard */ = {
			isa = PBXVariantGroup;
			children = (
				7919B0FD21AD0F8700E7DE99 /* Base */,
			);
			name = LaunchScreen.storyboard;
			sourceTree = "<group>";
		};
/* End PBXVariantGroup section */

/* Begin XCBuildConfiguration section */
		7919B10021AD0F8700E7DE99 /* Debug */ = {
			isa = XCBuildConfiguration;
			buildSettings = {
				ALWAYS_SEARCH_USER_PATHS = NO;
				CLANG_ANALYZER_NONNULL = YES;
				CLANG_ANALYZER_NUMBER_OBJECT_CONVERSION = YES_AGGRESSIVE;
				CLANG_CXX_LANGUAGE_STANDARD = "gnu++14";
				CLANG_CXX_LIBRARY = "libc++";
				CLANG_ENABLE_MODULES = YES;
				CLANG_ENABLE_OBJC_ARC = YES;
				CLANG_ENABLE_OBJC_WEAK = YES;
				CLANG_WARN_BLOCK_CAPTURE_AUTORELEASING = YES;
				CLANG_WARN_BOOL_CONVERSION = YES;
				CLANG_WARN_COMMA = YES;
				CLANG_WARN_CONSTANT_CONVERSION = YES;
				CLANG_WARN_DEPRECATED_OBJC_IMPLEMENTATIONS = YES;
				CLANG_WARN_DIRECT_OBJC_ISA_USAGE = YES_ERROR;
				CLANG_WARN_DOCUMENTATION_COMMENTS = YES;
				CLANG_WARN_EMPTY_BODY = YES;
				CLANG_WARN_ENUM_CONVERSION = YES;
				CLANG_WARN_INFINITE_RECURSION = YES;
				CLANG_WARN_INT_CONVERSION = YES;
				CLANG_WARN_NON_LITERAL_NULL_CONVERSION = YES;
				CLANG_WARN_OBJC_IMPLICIT_RETAIN_SELF = YES;
				CLANG_WARN_OBJC_LITERAL_CONVERSION = YES;
				CLANG_WARN_OBJC_ROOT_CLASS = YES_ERROR;
				CLANG_WARN_RANGE_LOOP_ANALYSIS = YES;
				CLANG_WARN_STRICT_PROTOTYPES = YES;
				CLANG_WARN_SUSPICIOUS_MOVE = YES;
				CLANG_WARN_UNGUARDED_AVAILABILITY = YES_AGGRESSIVE;
				CLANG_WARN_UNREACHABLE_CODE = YES;
				CLANG_WARN__DUPLICATE_METHOD_MATCH = YES;
				CODE_SIGN_IDENTITY = "iPhone Developer";
				COPY_PHASE_STRIP = NO;
				DEBUG_INFORMATION_FORMAT = dwarf;
				ENABLE_STRICT_OBJC_MSGSEND = YES;
				ENABLE_TESTABILITY = YES;
				GCC_C_LANGUAGE_STANDARD = gnu11;
				GCC_DYNAMIC_NO_PIC = NO;
				GCC_NO_COMMON_BLOCKS = YES;
				GCC_OPTIMIZATION_LEVEL = 0;
				GCC_PREPROCESSOR_DEFINITIONS = (
					"DEBUG=1",
					"$(inherited)",
				);
				GCC_WARN_64_TO_32_BIT_CONVERSION = YES;
				GCC_WARN_ABOUT_RETURN_TYPE = YES_ERROR;
				GCC_WARN_UNDECLARED_SELECTOR = YES;
				GCC_WARN_UNINITIALIZED_AUTOS = YES_AGGRESSIVE;
				GCC_WARN_UNUSED_FUNCTION = YES;
				GCC_WARN_UNUSED_VARIABLE = YES;
				IPHONEOS_DEPLOYMENT_TARGET = 12.1;
				MTL_ENABLE_DEBUG_INFO = INCLUDE_SOURCE;
				MTL_FAST_MATH = YES;
				ONLY_ACTIVE_ARCH = YES;
				SDKROOT = iphoneos;
				SWIFT_ACTIVE_COMPILATION_CONDITIONS = DEBUG;
				SWIFT_OPTIMIZATION_LEVEL = "-Onone";
			};
			name = Debug;
		};
		7919B10121AD0F8700E7DE99 /* Release */ = {
			isa = XCBuildConfiguration;
			buildSettings = {
				ALWAYS_SEARCH_USER_PATHS = NO;
				CLANG_ANALYZER_NONNULL = YES;
				CLANG_ANALYZER_NUMBER_OBJECT_CONVERSION = YES_AGGRESSIVE;
				CLANG_CXX_LANGUAGE_STANDARD = "gnu++14";
				CLANG_CXX_LIBRARY = "libc++";
				CLANG_ENABLE_MODULES = YES;
				CLANG_ENABLE_OBJC_ARC = YES;
				CLANG_ENABLE_OBJC_WEAK = YES;
				CLANG_WARN_BLOCK_CAPTURE_AUTORELEASING = YES;
				CLANG_WARN_BOOL_CONVERSION = YES;
				CLANG_WARN_COMMA = YES;
				CLANG_WARN_CONSTANT_CONVERSION = YES;
				CLANG_WARN_DEPRECATED_OBJC_IMPLEMENTATIONS = YES;
				CLANG_WARN_DIRECT_OBJC_ISA_USAGE = YES_ERROR;
				CLANG_WARN_DOCUMENTATION_COMMENTS = YES;
				CLANG_WARN_EMPTY_BODY = YES;
				CLANG_WARN_ENUM_CONVERSION = YES;
				CLANG_WARN_INFINITE_RECURSION = YES;
				CLANG_WARN_INT_CONVERSION = YES;
				CLANG_WARN_NON_LITERAL_NULL_CONVERSION = YES;
				CLANG_WARN_OBJC_IMPLICIT_RETAIN_SELF = YES;
				CLANG_WARN_OBJC_LITERAL_CONVERSION = YES;
				CLANG_WARN_OBJC_ROOT_CLASS = YES_ERROR;
				CLANG_WARN_RANGE_LOOP_ANALYSIS = YES;
				CLANG_WARN_STRICT_PROTOTYPES = YES;
				CLANG_WARN_SUSPICIOUS_MOVE = YES;
				CLANG_WARN_UNGUARDED_AVAILABILITY = YES_AGGRESSIVE;
				CLANG_WARN_UNREACHABLE_CODE = YES;
				CLANG_WARN__DUPLICATE_METHOD_MATCH = YES;
				CODE_SIGN_IDENTITY = "iPhone Developer";
				COPY_PHASE_STRIP = NO;
				DEBUG_INFORMATION_FORMAT = "dwarf-with-dsym";
				ENABLE_NS_ASSERTIONS = NO;
				ENABLE_STRICT_OBJC_MSGSEND = YES;
				GCC_C_LANGUAGE_STANDARD = gnu11;
				GCC_NO_COMMON_BLOCKS = YES;
				GCC_WARN_64_TO_32_BIT_CONVERSION = YES;
				GCC_WARN_ABOUT_RETURN_TYPE = YES_ERROR;
				GCC_WARN_UNDECLARED_SELECTOR = YES;
				GCC_WARN_UNINITIALIZED_AUTOS = YES_AGGRESSIVE;
				GCC_WARN_UNUSED_FUNCTION = YES;
				GCC_WARN_UNUSED_VARIABLE = YES;
				IPHONEOS_DEPLOYMENT_TARGET = 12.1;
				MTL_ENABLE_DEBUG_INFO = NO;
				MTL_FAST_MATH = YES;
				SDKROOT = iphoneos;
				SWIFT_COMPILATION_MODE = wholemodule;
				SWIFT_OPTIMIZATION_LEVEL = "-O";
				VALIDATE_PRODUCT = YES;
			};
			name = Release;
		};
		7919B10321AD0F8700E7DE99 /* Debug */ = {
			isa = XCBuildConfiguration;
			buildSettings = {
				ASSETCATALOG_COMPILER_APPICON_NAME = AppIcon;
				CODE_SIGN_STYLE = Automatic;
				DEVELOPMENT_TEAM = 8CQ86K394W;
				INFOPLIST_FILE = DocketTest/Info.plist;
				LD_RUNPATH_SEARCH_PATHS = (
					"$(inherited)",
					"@executable_path/Frameworks",
				);
				PRODUCT_BUNDLE_IDENTIFIER = com.1409revest.docketTest.DocketTest;
				PRODUCT_NAME = "$(TARGET_NAME)";
				SWIFT_VERSION = 4.2;
				TARGETED_DEVICE_FAMILY = "1,2";
			};
			name = Debug;
		};
		7919B10421AD0F8700E7DE99 /* Release */ = {
			isa = XCBuildConfiguration;
			buildSettings = {
				ASSETCATALOG_COMPILER_APPICON_NAME = AppIcon;
				CODE_SIGN_STYLE = Automatic;
				DEVELOPMENT_TEAM = 8CQ86K394W;
				INFOPLIST_FILE = DocketTest/Info.plist;
				LD_RUNPATH_SEARCH_PATHS = (
					"$(inherited)",
					"@executable_path/Frameworks",
				);
				PRODUCT_BUNDLE_IDENTIFIER = com.1409revest.docketTest.DocketTest;
				PRODUCT_NAME = "$(TARGET_NAME)";
				SWIFT_VERSION = 4.2;
				TARGETED_DEVICE_FAMILY = "1,2";
			};
			name = Release;
		};
/* End XCBuildConfiguration section */

/* Begin XCConfigurationList section */
		7919B0EB21AD0F8300E7DE99 /* Build configuration list for PBXProject "DocketTest" */ = {
			isa = XCConfigurationList;
			buildConfigurations = (
				7919B10021AD0F8700E7DE99 /* Debug */,
				7919B10121AD0F8700E7DE99 /* Release */,
			);
			defaultConfigurationIsVisible = 0;
			defaultConfigurationName = Release;
		};
		7919B10221AD0F8700E7DE99 /* Build configuration list for PBXNativeTarget "DocketTest" */ = {
			isa = XCConfigurationList;
			buildConfigurations = (
				7919B10321AD0F8700E7DE99 /* Debug */,
				7919B10421AD0F8700E7DE99 /* Release */,
			);
			defaultConfigurationIsVisible = 0;
			defaultConfigurationName = Release;
		};
/* End XCConfigurationList section */

/* Begin XCVersionGroup section */
		7946E0A321B5966000E08B9C /* CoreDataModel.xcdatamodeld */ = {
			isa = XCVersionGroup;
			children = (
				7946E0A421B5966000E08B9C /* CoreDataModel.xcdatamodel */,
			);
			currentVersion = 7946E0A421B5966000E08B9C /* CoreDataModel.xcdatamodel */;
			path = CoreDataModel.xcdatamodeld;
			sourceTree = "<group>";
			versionGroupType = wrapper.xcdatamodel;
		};
/* End XCVersionGroup section */
	};
	rootObject = 7919B0E821AD0F8300E7DE99 /* Project object */;
}
